[[package]]
name = "aiohttp"
version = "3.8.5"
description = "Async http client/server framework (asyncio)"
category = "main"
optional = false
python-versions = ">=3.6"

[package.dependencies]
aiosignal = ">=1.1.2"
async-timeout = ">=4.0.0a3,<5.0"
attrs = ">=17.3.0"
charset-normalizer = ">=2.0,<4.0"
frozenlist = ">=1.1.1"
multidict = ">=4.5,<7.0"
yarl = ">=1.0,<2.0"

[package.extras]
speedups = ["aiodns", "brotli", "cchardet"]

[[package]]
name = "aioredis"
version = "2.0.1"
description = "asyncio (PEP 3156) Redis support"
category = "main"
optional = false
python-versions = ">=3.6"

[package.dependencies]
async-timeout = "*"
typing-extensions = "*"

[package.extras]
hiredis = ["hiredis (>=1.0)"]

[[package]]
name = "aiosignal"
version = "1.3.1"
description = "aiosignal: a list of registered asynchronous callbacks"
category = "main"
optional = false
python-versions = ">=3.7"

[package.dependencies]
frozenlist = ">=1.1.0"

[[package]]
name = "annotated-types"
version = "0.5.0"
description = "Reusable constraint types to use with typing.Annotated"
category = "main"
optional = false
python-versions = ">=3.7"

[[package]]
name = "async-timeout"
version = "4.0.2"
description = "Timeout context manager for asyncio programs"
category = "main"
optional = false
python-versions = ">=3.6"

[[package]]
name = "attrs"
version = "23.1.0"
description = "Classes Without Boilerplate"
category = "main"
optional = false
python-versions = ">=3.7"

[package.extras]
cov = ["attrs", "coverage[toml] (>=5.3)"]
dev = ["attrs", "pre-commit"]
docs = ["furo", "myst-parser", "sphinx", "sphinx-notfound-page", "sphinxcontrib-towncrier", "towncrier", "zope-interface"]
tests = ["attrs", "zope-interface"]
tests-no-zope = ["cloudpickle", "hypothesis", "mypy (>=1.1.1)", "pympler", "pytest-mypy-plugins", "pytest-xdist", "pytest (>=4.3.0)"]

[[package]]
name = "cchardet"
version = "2.1.7"
description = "cChardet is high speed universal character encoding detector."
category = "main"
optional = false
python-versions = "*"

[[package]]
name = "charset-normalizer"
version = "3.2.0"
description = "The Real First Universal Charset Detector. Open, modern and actively maintained alternative to Chardet."
category = "main"
optional = false
python-versions = ">=3.7.0"

[[package]]
name = "colorama"
version = "0.4.6"
description = "Cross-platform colored terminal text."
category = "main"
optional = false
python-versions = "!=3.0.*,!=3.1.*,!=3.2.*,!=3.3.*,!=3.4.*,!=3.5.*,!=3.6.*,>=2.7"

[[package]]
name = "coverage"
version = "7.2.7"
description = "Code coverage measurement for Python"
category = "main"
optional = false
python-versions = ">=3.7"

[package.extras]
toml = ["tomli"]

[[package]]
name = "exceptiongroup"
version = "1.1.2"
description = "Backport of PEP 654 (exception groups)"
category = "main"
optional = false
python-versions = ">=3.7"

[package.extras]
test = ["pytest (>=6)"]

[[package]]
name = "frozenlist"
version = "1.4.0"
description = "A list-like structure which implements collections.abc.MutableSequence"
category = "main"
optional = false
python-versions = ">=3.8"

[[package]]
name = "idna"
version = "3.4"
description = "Internationalized Domain Names in Applications (IDNA)"
category = "main"
optional = false
python-versions = ">=3.5"

[[package]]
name = "iniconfig"
version = "2.0.0"
description = "brain-dead simple config-ini parsing"
category = "main"
optional = false
python-versions = ">=3.7"

[[package]]
name = "multidict"
version = "6.0.4"
description = "multidict implementation"
category = "main"
optional = false
python-versions = ">=3.7"

[[package]]
name = "packaging"
version = "23.1"
description = "Core utilities for Python packages"
category = "main"
optional = false
python-versions = ">=3.7"

[[package]]
name = "pluggy"
version = "1.2.0"
description = "plugin and hook calling mechanisms for python"
category = "main"
optional = false
python-versions = ">=3.7"

[package.extras]
dev = ["pre-commit", "tox"]
testing = ["pytest", "pytest-benchmark"]

[[package]]
name = "pydantic"
version = "2.1.1"
description = "Data validation using Python type hints"
category = "main"
optional = false
python-versions = ">=3.7"

[package.dependencies]
annotated-types = ">=0.4.0"
pydantic-core = "2.4.0"
typing-extensions = ">=4.6.1"

[package.extras]
email = ["email-validator (>=2.0.0)"]

[[package]]
name = "pydantic-core"
version = "2.4.0"
description = ""
category = "main"
optional = false
python-versions = ">=3.7"

[package.dependencies]
typing-extensions = ">=4.6.0,<4.7.0 || >4.7.0"

[[package]]
name = "pytest"
version = "7.4.0"
description = "pytest: simple powerful testing with Python"
category = "main"
optional = false
python-versions = ">=3.7"

[package.dependencies]
colorama = {version = "*", markers = "sys_platform == \"win32\""}
exceptiongroup = {version = ">=1.0.0rc8", markers = "python_version < \"3.11\""}
iniconfig = "*"
packaging = "*"
pluggy = ">=0.12,<2.0"
tomli = {version = ">=1.0.0", markers = "python_version < \"3.11\""}

[package.extras]
testing = ["argcomplete", "attrs (>=19.2.0)", "hypothesis (>=3.56)", "mock", "nose", "pygments (>=2.7.2)", "requests", "setuptools", "xmlschema"]

[[package]]
name = "tomli"
version = "2.0.1"
description = "A lil' TOML parser"
category = "main"
optional = false
python-versions = ">=3.7"

[[package]]
name = "typing-extensions"
version = "4.7.1"
description = "Backported and Experimental Type Hints for Python 3.7+"
category = "main"
optional = false
python-versions = ">=3.7"

[[package]]
name = "yarl"
version = "1.9.2"
description = "Yet another URL library"
category = "main"
optional = false
python-versions = ">=3.7"

[package.dependencies]
idna = ">=2.0"
multidict = ">=4.0"

[metadata]
lock-version = "1.1"
python-versions = "^3.9"
content-hash = "e06660f6226b5fc96056818cec505feaef58bb376141f7d5f3ce7aa1726d32f7"

[metadata.files]
aiohttp = []
aioredis = []
aiosignal = []
annotated-types = []
async-timeout = [
    {file = "async-timeout-4.0.2.tar.gz", hash = "sha256:2163e1640ddb52b7a8c80d0a67a08587e5d245cc9c553a74a847056bc2976b15"},
    {file = "async_timeout-4.0.2-py3-none-any.whl", hash = "sha256:8ca1e4fcf50d07413d66d1a5e416e42cfdf5851c981d679a09851a6853383b3c"},
]
attrs = []
cchardet = []
charset-normalizer = []
colorama = []
coverage = []
exceptiongroup = []
frozenlist = []
idna = []
iniconfig = []
multidict = []
packaging = []
pluggy = []
pydantic = []
pydantic-core = []
pytest = []
tomli = []
typing-extensions = []
yarl = []
